
Microsoft Visual Studio Solution File, Format Version 12.00
# Visual Studio 15
VisualStudioVersion = 15.0.28307.1401
MinimumVisualStudioVersion = 10.0.40219.1
Project("{9A19103F-16F7-4668-BE54-9A1E7A4F7556}") = "GeekForums", "GeekForums\GeekForums.csproj", "{0AFBD966-4CFF-4014-A7DD-1FFA87B9F873}"
EndProject
Project("{9A19103F-16F7-4668-BE54-9A1E7A4F7556}") = "GeekForums.Data", "GeekForums.Data\GeekForums.Data.csproj", "{036DC888-9C28-406A-9660-B0432603EFD9}"
EndProject
Project("{FAE04EC0-301F-11D3-BF4B-00C04F79EFBC}") = "GeekForums.Service", "GeekForums.Service\GeekForums.Service.csproj", "{53245828-BFBB-406C-B8BA-4B9AE8A6E356}"
EndProject
Global
	GlobalSection(SolutionConfigurationPlatforms) = preSolution
		Debug|Any CPU = Debug|Any CPU
		Release|Any CPU = Release|Any CPU
	EndGlobalSection
	GlobalSection(ProjectConfigurationPlatforms) = postSolution
		{0AFBD966-4CFF-4014-A7DD-1FFA87B9F873}.Debug|Any CPU.ActiveCfg = Debug|Any CPU
		{0AFBD966-4CFF-4014-A7DD-1FFA87B9F873}.Debug|Any CPU.Build.0 = Debug|Any CPU
		{0AFBD966-4CFF-4014-A7DD-1FFA87B9F873}.Release|Any CPU.ActiveCfg = Release|Any CPU
		{0AFBD966-4CFF-4014-A7DD-1FFA87B9F873}.Release|Any CPU.Build.0 = Release|Any CPU
		{036DC888-9C28-406A-9660-B0432603EFD9}.Debug|Any CPU.ActiveCfg = Debug|Any CPU
		{036DC888-9C28-406A-9660-B0432603EFD9}.Debug|Any CPU.Build.0 = Debug|Any CPU
		{036DC888-9C28-406A-9660-B0432603EFD9}.Release|Any CPU.ActiveCfg = Release|Any CPU
		{036DC888-9C28-406A-9660-B0432603EFD9}.Release|Any CPU.Build.0 = Release|Any CPU
		{53245828-BFBB-406C-B8BA-4B9AE8A6E356}.Debug|Any CPU.ActiveCfg = Debug|Any CPU
		{53245828-BFBB-406C-B8BA-4B9AE8A6E356}.Debug|Any CPU.Build.0 = Debug|Any CPU
		{53245828-BFBB-406C-B8BA-4B9AE8A6E356}.Release|Any CPU.ActiveCfg = Release|Any CPU
		{53245828-BFBB-406C-B8BA-4B9AE8A6E356}.Release|Any CPU.Build.0 = Release|Any CPU
	EndGlobalSection
	GlobalSection(SolutionProperties) = preSolution
		HideSolutionNode = FALSE
	EndGlobalSection
	GlobalSection(ExtensibilityGlobals) = postSolution
		SolutionGuid = {0917F52C-BD14-4778-BB01-DA8278036269}
	EndGlobalSection
EndGlobal
